
Microsoft Visual Studio Solution File, Format Version 12.00
# Visual Studio 15
VisualStudioVersion = 15.0.27130.2024
MinimumVisualStudioVersion = 10.0.40219.1
Project("{FAE04EC0-301F-11D3-BF4B-00C04F79EFBC}") = "MobiCurrency", "MobiCurrency\MobiCurrency.csproj", "{CFACC352-CC85-4D32-B7DA-69D4990AE8E3}"
EndProject
Global
	GlobalSection(SolutionConfigurationPlatforms) = preSolution
		Debug|Any CPU = Debug|Any CPU
		Release|Any CPU = Release|Any CPU
	EndGlobalSection
	GlobalSection(ProjectConfigurationPlatforms) = postSolution
		{CFACC352-CC85-4D32-B7DA-69D4990AE8E3}.Debug|Any CPU.ActiveCfg = Debug|Any CPU
		{CFACC352-CC85-4D32-B7DA-69D4990AE8E3}.Debug|Any CPU.Build.0 = Debug|Any CPU
		{CFACC352-CC85-4D32-B7DA-69D4990AE8E3}.Debug|Any CPU.Deploy.0 = Debug|Any CPU
		{CFACC352-CC85-4D32-B7DA-69D4990AE8E3}.Release|Any CPU.ActiveCfg = Release|Any CPU
		{CFACC352-CC85-4D32-B7DA-69D4990AE8E3}.Release|Any CPU.Build.0 = Release|Any CPU
		{CFACC352-CC85-4D32-B7DA-69D4990AE8E3}.Release|Any CPU.Deploy.0 = Release|Any CPU
	EndGlobalSection
	GlobalSection(SolutionProperties) = preSolution
		HideSolutionNode = FALSE
	EndGlobalSection
	GlobalSection(ExtensibilityGlobals) = postSolution
		SolutionGuid = {FCDA8E70-A958-46B6-A414-EA29329D40E6}
	EndGlobalSection
EndGlobal
